
Microsoft Visual Studio Solution File, Format Version 12.00
# Visual Studio Version 17
VisualStudioVersion = 17.11.35312.102
MinimumVisualStudioVersion = 10.0.40219.1
Project("{FAE04EC0-301F-11D3-BF4B-00C04F79EFBC}") = "WpfSingletonDesignPattern", "WpfSingletonDesignPattern.csproj", "{2CFB80A6-0295-481F-9E5B-058B66E6EB37}"
EndProject
Global
	GlobalSection(SolutionConfigurationPlatforms) = preSolution
		Debug|Any CPU = Debug|Any CPU
		Release|Any CPU = Release|Any CPU
	EndGlobalSection
	GlobalSection(ProjectConfigurationPlatforms) = postSolution
		{2CFB80A6-0295-481F-9E5B-058B66E6EB37}.Debug|Any CPU.ActiveCfg = Debug|Any CPU
		{2CFB80A6-0295-481F-9E5B-058B66E6EB37}.Debug|Any CPU.Build.0 = Debug|Any CPU
		{2CFB80A6-0295-481F-9E5B-058B66E6EB37}.Release|Any CPU.ActiveCfg = Release|Any CPU
		{2CFB80A6-0295-481F-9E5B-058B66E6EB37}.Release|Any CPU.Build.0 = Release|Any CPU
	EndGlobalSection
	GlobalSection(SolutionProperties) = preSolution
		HideSolutionNode = FALSE
	EndGlobalSection
	GlobalSection(ExtensibilityGlobals) = postSolution
		SolutionGuid = {80FA5E95-14AD-4BAA-8666-4043C7B4612D}
	EndGlobalSection
EndGlobal
